{
  "name": "testplugin",
  "version": "1.0.0",
  "lockfileVersion": 2,
  "requires": true,
  "packages": {
    "": {
      "name": "testplugin",
      "version": "1.0.0",
      "license": "ISC",
      "devDependencies": {
        "easyuseclipboardpluginsdk": "^0.0.5"
      }
    },
    "node_modules/easyuseclipboardpluginsdk": {
      "version": "0.0.5",
      "resolved": "https://registry.npmjs.org/easyuseclipboardpluginsdk/-/easyuseclipboardpluginsdk-0.0.5.tgz",
      "integrity": "sha512-3GNFdgGiwORmrIXoeAb/t1vF4aUwhrTc2i1wh409TR72kkVRWQSUQYJ9xTrU2WsNtYtyBwOsW0yxjpbKHNXfjw==",
      "dev": true
    }
  },
  "dependencies": {
    "easyuseclipboardpluginsdk": {
      "version": "0.0.5",
      "resolved": "https://registry.npmjs.org/easyuseclipboardpluginsdk/-/easyuseclipboardpluginsdk-0.0.5.tgz",
      "integrity": "sha512-3GNFdgGiwORmrIXoeAb/t1vF4aUwhrTc2i1wh409TR72kkVRWQSUQYJ9xTrU2WsNtYtyBwOsW0yxjpbKHNXfjw==",
      "dev": true
    }
  }
}
